
Microsoft Visual Studio Solution File, Format Version 12.00
# Visual Studio Version 16
VisualStudioVersion = 16.0.32002.261
MinimumVisualStudioVersion = 10.0.40219.1
Project("{8BC9CEB8-8B4A-11D0-8D11-00A0C91BC942}") = "rocket2", "rocket2\rocket2.vcxproj", "{2BECBF29-FC18-4E5F-BD72-B42433FF7995}"
EndProject
Global
	GlobalSection(SolutionConfigurationPlatforms) = preSolution
		Debug|x64 = Debug|x64
		Debug|x86 = Debug|x86
		Release|x64 = Release|x64
		Release|x86 = Release|x86
	EndGlobalSection
	GlobalSection(ProjectConfigurationPlatforms) = postSolution
		{2BECBF29-FC18-4E5F-BD72-B42433FF7995}.Debug|x64.ActiveCfg = Debug|x64
		{2BECBF29-FC18-4E5F-BD72-B42433FF7995}.Debug|x64.Build.0 = Debug|x64
		{2BECBF29-FC18-4E5F-BD72-B42433FF7995}.Debug|x86.ActiveCfg = Debug|Win32
		{2BECBF29-FC18-4E5F-BD72-B42433FF7995}.Debug|x86.Build.0 = Debug|Win32
		{2BECBF29-FC18-4E5F-BD72-B42433FF7995}.Release|x64.ActiveCfg = Release|x64
		{2BECBF29-FC18-4E5F-BD72-B42433FF7995}.Release|x64.Build.0 = Release|x64
		{2BECBF29-FC18-4E5F-BD72-B42433FF7995}.Release|x86.ActiveCfg = Release|Win32
		{2BECBF29-FC18-4E5F-BD72-B42433FF7995}.Release|x86.Build.0 = Release|Win32
	EndGlobalSection
	GlobalSection(SolutionProperties) = preSolution
		HideSolutionNode = FALSE
	EndGlobalSection
	GlobalSection(ExtensibilityGlobals) = postSolution
		SolutionGuid = {C7ACA280-6496-4D3D-8F4C-120AA57AAEBF}
	EndGlobalSection
EndGlobal
